
Microsoft Visual Studio Solution File, Format Version 12.00
# Visual Studio Version 17
VisualStudioVersion = 17.9.34622.214
MinimumVisualStudioVersion = 10.0.40219.1
Project("{FAE04EC0-301F-11D3-BF4B-00C04F79EFBC}") = "Class Generic", "Class Generic\Class Generic.csproj", "{D0F96AF4-33CA-4CD5-9A43-1280D22ED03D}"
EndProject
Global
	GlobalSection(SolutionConfigurationPlatforms) = preSolution
		Debug|Any CPU = Debug|Any CPU
		Release|Any CPU = Release|Any CPU
	EndGlobalSection
	GlobalSection(ProjectConfigurationPlatforms) = postSolution
		{D0F96AF4-33CA-4CD5-9A43-1280D22ED03D}.Debug|Any CPU.ActiveCfg = Debug|Any CPU
		{D0F96AF4-33CA-4CD5-9A43-1280D22ED03D}.Debug|Any CPU.Build.0 = Debug|Any CPU
		{D0F96AF4-33CA-4CD5-9A43-1280D22ED03D}.Release|Any CPU.ActiveCfg = Release|Any CPU
		{D0F96AF4-33CA-4CD5-9A43-1280D22ED03D}.Release|Any CPU.Build.0 = Release|Any CPU
	EndGlobalSection
	GlobalSection(SolutionProperties) = preSolution
		HideSolutionNode = FALSE
	EndGlobalSection
	GlobalSection(ExtensibilityGlobals) = postSolution
		SolutionGuid = {F4A70050-A359-4E3B-B43A-10E54CC22F01}
	EndGlobalSection
EndGlobal
